Microsoft Visual Studio Solution File, Format Version 12.00
# Visual Studio Version 17
VisualStudioVersion = 17.3.32929.385
MinimumVisualStudioVersion = 10.0.40219.1
Project("{9A19103F-16F7-4668-BE54-9A1E7A4F7556}") = "Topicality.Client.Api", "Topicality.Client.Api\Topicality.Client.Api.csproj", "{CA0BFEDA-F466-4BF2-A63A-EE9BD4381861}"
	ProjectSection(ProjectDependencies) = postProject
		{406BFA79-39BF-4A16-A2C6-14E3BF380E2A} = {406BFA79-39BF-4A16-A2C6-14E3BF380E2A}
		{C720DD76-F1BA-4010-A4AB-EFEBF1621703} = {C720DD76-F1BA-4010-A4AB-EFEBF1621703}
	EndProjectSection
EndProject
Project("{9A19103F-16F7-4668-BE54-9A1E7A4F7556}") = "Topicality.Client.Tests", "Topicality.Client.Tests\Topicality.Client.Tests.csproj", "{0C4B6A78-16E1-4BD2-9E39-8EA1BA05EA61}"
EndProject
Project("{9A19103F-16F7-4668-BE54-9A1E7A4F7556}") = "Topicality.Client.Infrastructure", "Topicality.Client.Infrastructure\Topicality.Client.Infrastructure.csproj", "{406BFA79-39BF-4A16-A2C6-14E3BF380E2A}"
EndProject
Project("{9A19103F-16F7-4668-BE54-9A1E7A4F7556}") = "Topicality.Client.Application", "Topicality.Client.Application\Topicality.Client.Application.csproj", "{C720DD76-F1BA-4010-A4AB-EFEBF1621703}"
EndProject
Project("{FAE04EC0-301F-11D3-BF4B-00C04F79EFBC}") = "Topicality.Web", "Topicality.Web\Topicality.Web.csproj", "{46B400F3-95E5-46D6-A843-07371A484756}"
EndProject
Project("{FAE04EC0-301F-11D3-BF4B-00C04F79EFBC}") = "Topicality.Domain", "Topicality.Domain\Topicality.Domain.csproj", "{D127DAD5-B0B1-4704-B86A-2AEC3C0CBFF5}"
EndProject
Global
	GlobalSection(SolutionConfigurationPlatforms) = preSolution
		Debug|Any CPU = Debug|Any CPU
		Release|Any CPU = Release|Any CPU
	EndGlobalSection
	GlobalSection(ProjectConfigurationPlatforms) = postSolution
		{CA0BFEDA-F466-4BF2-A63A-EE9BD4381861}.Debug|Any CPU.ActiveCfg = Debug|Any CPU
		{CA0BFEDA-F466-4BF2-A63A-EE9BD4381861}.Debug|Any CPU.Build.0 = Debug|Any CPU
		{CA0BFEDA-F466-4BF2-A63A-EE9BD4381861}.Release|Any CPU.ActiveCfg = Release|Any CPU
		{CA0BFEDA-F466-4BF2-A63A-EE9BD4381861}.Release|Any CPU.Build.0 = Release|Any CPU
		{0C4B6A78-16E1-4BD2-9E39-8EA1BA05EA61}.Debug|Any CPU.ActiveCfg = Debug|Any CPU
		{0C4B6A78-16E1-4BD2-9E39-8EA1BA05EA61}.Debug|Any CPU.Build.0 = Debug|Any CPU
		{0C4B6A78-16E1-4BD2-9E39-8EA1BA05EA61}.Release|Any CPU.ActiveCfg = Release|Any CPU
		{0C4B6A78-16E1-4BD2-9E39-8EA1BA05EA61}.Release|Any CPU.Build.0 = Release|Any CPU
		{406BFA79-39BF-4A16-A2C6-14E3BF380E2A}.Debug|Any CPU.ActiveCfg = Debug|Any CPU
		{406BFA79-39BF-4A16-A2C6-14E3BF380E2A}.Debug|Any CPU.Build.0 = Debug|Any CPU
		{406BFA79-39BF-4A16-A2C6-14E3BF380E2A}.Release|Any CPU.ActiveCfg = Release|Any CPU
		{406BFA79-39BF-4A16-A2C6-14E3BF380E2A}.Release|Any CPU.Build.0 = Release|Any CPU
		{C720DD76-F1BA-4010-A4AB-EFEBF1621703}.Debug|Any CPU.ActiveCfg = Debug|Any CPU
		{C720DD76-F1BA-4010-A4AB-EFEBF1621703}.Debug|Any CPU.Build.0 = Debug|Any CPU
		{C720DD76-F1BA-4010-A4AB-EFEBF1621703}.Release|Any CPU.ActiveCfg = Release|Any CPU
		{C720DD76-F1BA-4010-A4AB-EFEBF1621703}.Release|Any CPU.Build.0 = Release|Any CPU
		{46B400F3-95E5-46D6-A843-07371A484756}.Debug|Any CPU.ActiveCfg = Debug|Any CPU
		{46B400F3-95E5-46D6-A843-07371A484756}.Debug|Any CPU.Build.0 = Debug|Any CPU
		{46B400F3-95E5-46D6-A843-07371A484756}.Release|Any CPU.ActiveCfg = Release|Any CPU
		{46B400F3-95E5-46D6-A843-07371A484756}.Release|Any CPU.Build.0 = Release|Any CPU
		{D127DAD5-B0B1-4704-B86A-2AEC3C0CBFF5}.Debug|Any CPU.ActiveCfg = Debug|Any CPU
		{D127DAD5-B0B1-4704-B86A-2AEC3C0CBFF5}.Debug|Any CPU.Build.0 = Debug|Any CPU
		{D127DAD5-B0B1-4704-B86A-2AEC3C0CBFF5}.Release|Any CPU.ActiveCfg = Release|Any CPU
		{D127DAD5-B0B1-4704-B86A-2AEC3C0CBFF5}.Release|Any CPU.Build.0 = Release|Any CPU
	EndGlobalSection
	GlobalSection(SolutionProperties) = preSolution
		HideSolutionNode = FALSE
	EndGlobalSection
	GlobalSection(ExtensibilityGlobals) = postSolution
		SolutionGuid = {6c2b2c4f-2150-4deb-a745-59a0babfc7d5}
	EndGlobalSection
EndGlobal
